
Microsoft Visual Studio Solution File, Format Version 12.00
# Visual Studio Version 17
VisualStudioVersion = 17.3.32922.545
MinimumVisualStudioVersion = 10.0.40219.1
Project("{FAE04EC0-301F-11D3-BF4B-00C04F79EFBC}") = "EntityFrameworkApi", "EntityFrameworkApi\EntityFrameworkApi.csproj", "{6328B662-0EA0-40A8-BE7A-55ADC564F6B8}"
EndProject
Global
	GlobalSection(SolutionConfigurationPlatforms) = preSolution
		Debug|Any CPU = Debug|Any CPU
		Release|Any CPU = Release|Any CPU
	EndGlobalSection
	GlobalSection(ProjectConfigurationPlatforms) = postSolution
		{6328B662-0EA0-40A8-BE7A-55ADC564F6B8}.Debug|Any CPU.ActiveCfg = Debug|Any CPU
		{6328B662-0EA0-40A8-BE7A-55ADC564F6B8}.Debug|Any CPU.Build.0 = Debug|Any CPU
		{6328B662-0EA0-40A8-BE7A-55ADC564F6B8}.Release|Any CPU.ActiveCfg = Release|Any CPU
		{6328B662-0EA0-40A8-BE7A-55ADC564F6B8}.Release|Any CPU.Build.0 = Release|Any CPU
	EndGlobalSection
	GlobalSection(SolutionProperties) = preSolution
		HideSolutionNode = FALSE
	EndGlobalSection
	GlobalSection(ExtensibilityGlobals) = postSolution
		SolutionGuid = {DA7F51F1-D0B1-4016-8D2D-1330940F82BD}
	EndGlobalSection
EndGlobal
